
Microsoft Visual Studio Solution File, Format Version 12.00
# Visual Studio Version 17
VisualStudioVersion = 17.10.35027.167
MinimumVisualStudioVersion = 10.0.40219.1
Project("{9A19103F-16F7-4668-BE54-9A1E7A4F7556}") = "SpaceDb.Core", "SpaceDb.Core\SpaceDb.Core.csproj", "{5E314C89-E457-4948-BE87-82288BB7C95E}"
EndProject
Project("{2150E333-8FDC-42A3-9474-1A3956D46DE8}") = "Tests", "Tests", "{A0744393-1D01-4F6C-9A26-504B7C5A524F}"
EndProject
Project("{FAE04EC0-301F-11D3-BF4B-00C04F79EFBC}") = "SpaceDb.Tests", "tests\SpaceDb.Tests\SpaceDb.Tests.csproj", "{D01F475E-54D2-446B-A202-D6191FED593E}"
EndProject
Global
	GlobalSection(SolutionConfigurationPlatforms) = preSolution
		Debug|Any CPU = Debug|Any CPU
		Release|Any CPU = Release|Any CPU
	EndGlobalSection
	GlobalSection(ProjectConfigurationPlatforms) = postSolution
		{5E314C89-E457-4948-BE87-82288BB7C95E}.Debug|Any CPU.ActiveCfg = Debug|Any CPU
		{5E314C89-E457-4948-BE87-82288BB7C95E}.Debug|Any CPU.Build.0 = Debug|Any CPU
		{5E314C89-E457-4948-BE87-82288BB7C95E}.Release|Any CPU.ActiveCfg = Release|Any CPU
		{5E314C89-E457-4948-BE87-82288BB7C95E}.Release|Any CPU.Build.0 = Release|Any CPU
		{D01F475E-54D2-446B-A202-D6191FED593E}.Debug|Any CPU.ActiveCfg = Debug|Any CPU
		{D01F475E-54D2-446B-A202-D6191FED593E}.Debug|Any CPU.Build.0 = Debug|Any CPU
		{D01F475E-54D2-446B-A202-D6191FED593E}.Release|Any CPU.ActiveCfg = Release|Any CPU
		{D01F475E-54D2-446B-A202-D6191FED593E}.Release|Any CPU.Build.0 = Release|Any CPU
	EndGlobalSection
	GlobalSection(SolutionProperties) = preSolution
		HideSolutionNode = FALSE
	EndGlobalSection
	GlobalSection(NestedProjects) = preSolution
		{D01F475E-54D2-446B-A202-D6191FED593E} = {A0744393-1D01-4F6C-9A26-504B7C5A524F}
	EndGlobalSection
	GlobalSection(ExtensibilityGlobals) = postSolution
		SolutionGuid = {68977F68-687D-4F9D-98FF-958B9D9FFB19}
	EndGlobalSection
EndGlobal
