
Microsoft Visual Studio Solution File, Format Version 12.00
# Visual Studio Version 17
VisualStudioVersion = 17.10.35027.167
MinimumVisualStudioVersion = 10.0.40219.1
Project("{FAE04EC0-301F-11D3-BF4B-00C04F79EFBC}") = "SpaceDb.Core", "SpaceDb.Core\SpaceDb.Core.csproj", "{5E314C89-E457-4948-BE87-82288BB7C95E}"
EndProject
Project("{FAE04EC0-301F-11D3-BF4B-00C04F79EFBC}") = "SpaceDb.Console", "SpaceDb.Console\SpaceDb.Console.csproj", "{6DE78744-1219-41BA-BA86-CD820F0A3DB1}"
EndProject
Global
	GlobalSection(SolutionConfigurationPlatforms) = preSolution
		Debug|Any CPU = Debug|Any CPU
		Release|Any CPU = Release|Any CPU
	EndGlobalSection
	GlobalSection(ProjectConfigurationPlatforms) = postSolution
		{5E314C89-E457-4948-BE87-82288BB7C95E}.Debug|Any CPU.ActiveCfg = Debug|Any CPU
		{5E314C89-E457-4948-BE87-82288BB7C95E}.Debug|Any CPU.Build.0 = Debug|Any CPU
		{5E314C89-E457-4948-BE87-82288BB7C95E}.Release|Any CPU.ActiveCfg = Release|Any CPU
		{5E314C89-E457-4948-BE87-82288BB7C95E}.Release|Any CPU.Build.0 = Release|Any CPU
		{6DE78744-1219-41BA-BA86-CD820F0A3DB1}.Debug|Any CPU.ActiveCfg = Debug|Any CPU
		{6DE78744-1219-41BA-BA86-CD820F0A3DB1}.Debug|Any CPU.Build.0 = Debug|Any CPU
		{6DE78744-1219-41BA-BA86-CD820F0A3DB1}.Release|Any CPU.ActiveCfg = Release|Any CPU
		{6DE78744-1219-41BA-BA86-CD820F0A3DB1}.Release|Any CPU.Build.0 = Release|Any CPU
	EndGlobalSection
	GlobalSection(SolutionProperties) = preSolution
		HideSolutionNode = FALSE
	EndGlobalSection
	GlobalSection(ExtensibilityGlobals) = postSolution
		SolutionGuid = {68977F68-687D-4F9D-98FF-958B9D9FFB19}
	EndGlobalSection
EndGlobal
